// !$*UTF8*$!
{
	archiveVersion = 1;
	classes = {
	};
	objectVersion = 56;
	objects = {

/* Begin PBXBuildFile section */
		1A1344B82C62C15900E5F95D /* RemoteImage.swift in Sources */ = {isa = PBXBuildFile; fileRef = 1A1344B72C62C15900E5F95D /* RemoteImage.swift */; };
		1A2396BB2C61707500E6EBFE /* Alert.swift in Sources */ = {isa = PBXBuildFile; fileRef = 1A2396BA2C61707500E6EBFE /* Alert.swift */; };
		1A2396BD2C6179B300E6EBFE /* LoadingView.swift in Sources */ = {isa = PBXBuildFile; fileRef = 1A2396BC2C6179B300E6EBFE /* LoadingView.swift */; };
		1A2396BF2C617AC700E6EBFE /* Color+Ext.swift in Sources */ = {isa = PBXBuildFile; fileRef = 1A2396BE2C617AC700E6EBFE /* Color+Ext.swift */; };
		1A2396C12C617C4E00E6EBFE /* AppetizerCell.swift in Sources */ = {isa = PBXBuildFile; fileRef = 1A2396C02C617C4E00E6EBFE /* AppetizerCell.swift */; };
		1A33A4302C51B1E30026FCD4 /* AppetizerModel.swift in Sources */ = {isa = PBXBuildFile; fileRef = 1A33A42F2C51B1E30026FCD4 /* AppetizerModel.swift */; };
		1A33A4322C51B2550026FCD4 /* AppetizerViewModel.swift in Sources */ = {isa = PBXBuildFile; fileRef = 1A33A4312C51B2550026FCD4 /* AppetizerViewModel.swift */; };
		1AC889272C4F0C4C00836044 /* ItemView.swift in Sources */ = {isa = PBXBuildFile; fileRef = 1AC889262C4F0C4C00836044 /* ItemView.swift */; };
		1AE175512C41F0A400A4266C /* AppetizersApp.swift in Sources */ = {isa = PBXBuildFile; fileRef = 1AE175502C41F0A400A4266C /* AppetizersApp.swift */; };
		1AE175532C41F0A400A4266C /* ContentView.swift in Sources */ = {isa = PBXBuildFile; fileRef = 1AE175522C41F0A400A4266C /* ContentView.swift */; };
		1AE175552C41F0A500A4266C /* Assets.xcassets in Resources */ = {isa = PBXBuildFile; fileRef = 1AE175542C41F0A500A4266C /* Assets.xcassets */; };
		1AE175582C41F0A500A4266C /* Preview Assets.xcassets in Resources */ = {isa = PBXBuildFile; fileRef = 1AE175572C41F0A500A4266C /* Preview Assets.xcassets */; };
		1AFBB2532C49BCAD00DCC5B2 /* OrderView.swift in Sources */ = {isa = PBXBuildFile; fileRef = 1AFBB2522C49BCAD00DCC5B2 /* OrderView.swift */; };
		1AFBB2552C49BCC900DCC5B2 /* AccountView.swift in Sources */ = {isa = PBXBuildFile; fileRef = 1AFBB2542C49BCC900DCC5B2 /* AccountView.swift */; };
		1AFBB2572C49BCE700DCC5B2 /* AppetizerView.swift in Sources */ = {isa = PBXBuildFile; fileRef = 1AFBB2562C49BCE700DCC5B2 /* AppetizerView.swift */; };
		1AFD3B3A2C5AF7C600B0CCA4 /* NetworkManager.swift in Sources */ = {isa = PBXBuildFile; fileRef = 1AFD3B392C5AF7C600B0CCA4 /* NetworkManager.swift */; };
		1AFD3B3C2C5AFDB300B0CCA4 /* APError.swift in Sources */ = {isa = PBXBuildFile; fileRef = 1AFD3B3B2C5AFDB300B0CCA4 /* APError.swift */; };
/* End PBXBuildFile section */

/* Begin PBXFileReference section */
		1A1344B72C62C15900E5F95D /* RemoteImage.swift */ = {isa = PBXFileReference; lastKnownFileType = sourcecode.swift; path = RemoteImage.swift; sourceTree = "<group>"; };
		1A2396BA2C61707500E6EBFE /* Alert.swift */ = {isa = PBXFileReference; lastKnownFileType = sourcecode.swift; path = Alert.swift; sourceTree = "<group>"; };
		1A2396BC2C6179B300E6EBFE /* LoadingView.swift */ = {isa = PBXFileReference; lastKnownFileType = sourcecode.swift; path = LoadingView.swift; sourceTree = "<group>"; };
		1A2396BE2C617AC700E6EBFE /* Color+Ext.swift */ = {isa = PBXFileReference; lastKnownFileType = sourcecode.swift; path = "Color+Ext.swift"; sourceTree = "<group>"; };
		1A2396C02C617C4E00E6EBFE /* AppetizerCell.swift */ = {isa = PBXFileReference; lastKnownFileType = sourcecode.swift; path = AppetizerCell.swift; sourceTree = "<group>"; };
		1A33A42F2C51B1E30026FCD4 /* AppetizerModel.swift */ = {isa = PBXFileReference; lastKnownFileType = sourcecode.swift; path = AppetizerModel.swift; sourceTree = "<group>"; };
		1A33A4312C51B2550026FCD4 /* AppetizerViewModel.swift */ = {isa = PBXFileReference; lastKnownFileType = sourcecode.swift; path = AppetizerViewModel.swift; sourceTree = "<group>"; };
		1AC889262C4F0C4C00836044 /* ItemView.swift */ = {isa = PBXFileReference; lastKnownFileType = sourcecode.swift; path = ItemView.swift; sourceTree = "<group>"; };
		1AE1754D2C41F0A400A4266C /* Appetizers.app */ = {isa = PBXFileReference; explicitFileType = wrapper.application; includeInIndex = 0; path = Appetizers.app; sourceTree = BUILT_PRODUCTS_DIR; };
		1AE175502C41F0A400A4266C /* AppetizersApp.swift */ = {isa = PBXFileReference; lastKnownFileType = sourcecode.swift; path = AppetizersApp.swift; sourceTree = "<group>"; };
		1AE175522C41F0A400A4266C /* ContentView.swift */ = {isa = PBXFileReference; lastKnownFileType = sourcecode.swift; path = ContentView.swift; sourceTree = "<group>"; };
		1AE175542C41F0A500A4266C /* Assets.xcassets */ = {isa = PBXFileReference; lastKnownFileType = folder.assetcatalog; path = Assets.xcassets; sourceTree = "<group>"; };
		1AE175572C41F0A500A4266C /* Preview Assets.xcassets */ = {isa = PBXFileReference; lastKnownFileType = folder.assetcatalog; path = "Preview Assets.xcassets"; sourceTree = "<group>"; };
		1AFBB2522C49BCAD00DCC5B2 /* OrderView.swift */ = {isa = PBXFileReference; lastKnownFileType = sourcecode.swift; path = OrderView.swift; sourceTree = "<group>"; };
		1AFBB2542C49BCC900DCC5B2 /* AccountView.swift */ = {isa = PBXFileReference; lastKnownFileType = sourcecode.swift; path = AccountView.swift; sourceTree = "<group>"; };
		1AFBB2562C49BCE700DCC5B2 /* AppetizerView.swift */ = {isa = PBXFileReference; lastKnownFileType = sourcecode.swift; path = AppetizerView.swift; sourceTree = "<group>"; };
		1AFD3B392C5AF7C600B0CCA4 /* NetworkManager.swift */ = {isa = PBXFileReference; lastKnownFileType = sourcecode.swift; path = NetworkManager.swift; sourceTree = "<group>"; };
		1AFD3B3B2C5AFDB300B0CCA4 /* APError.swift */ = {isa = PBXFileReference; lastKnownFileType = sourcecode.swift; path = APError.swift; sourceTree = "<group>"; };
/* End PBXFileReference section */

/* Begin PBXFrameworksBuildPhase section */
		1AE1754A2C41F0A400A4266C /* Frameworks */ = {
			isa = PBXFrameworksBuildPhase;
			buildActionMask = 2147483647;
			files = (
			);
			runOnlyForDeploymentPostprocessing = 0;
		};
/* End PBXFrameworksBuildPhase section */

/* Begin PBXGroup section */
		1A65BF292C62EDEE00758A80 /* Screens */ = {
			isa = PBXGroup;
			children = (
				1AE175522C41F0A400A4266C /* ContentView.swift */,
				1A65BF2A2C62EDF500758A80 /* AppetizerListView */,
				1A65BF2C2C62EE0B00758A80 /* OrderView */,
				1A65BF2B2C62EDFE00758A80 /* AccountView */,
			);
			path = Screens;
			sourceTree = "<group>";
		};
		1A65BF2A2C62EDF500758A80 /* AppetizerListView */ = {
			isa = PBXGroup;
			children = (
				1A33A4312C51B2550026FCD4 /* AppetizerViewModel.swift */,
				1AFBB2562C49BCE700DCC5B2 /* AppetizerView.swift */,
			);
			path = AppetizerListView;
			sourceTree = "<group>";
		};
		1A65BF2B2C62EDFE00758A80 /* AccountView */ = {
			isa = PBXGroup;
			children = (
				1AFBB2542C49BCC900DCC5B2 /* AccountView.swift */,
			);
			path = AccountView;
			sourceTree = "<group>";
		};
		1A65BF2C2C62EE0B00758A80 /* OrderView */ = {
			isa = PBXGroup;
			children = (
				1AFBB2522C49BCAD00DCC5B2 /* OrderView.swift */,
			);
			path = OrderView;
			sourceTree = "<group>";
		};
		1A65BF2D2C62EE6F00758A80 /* Utilities */ = {
			isa = PBXGroup;
			children = (
				1A65BF302C62EEB800758A80 /* AlertsEnum */,
				1A65BF2F2C62EE9600758A80 /* Extensions */,
				1A65BF2E2C62EE8E00758A80 /* Managers */,
			);
			path = Utilities;
			sourceTree = "<group>";
		};
		1A65BF2E2C62EE8E00758A80 /* Managers */ = {
			isa = PBXGroup;
			children = (
				1AFD3B392C5AF7C600B0CCA4 /* NetworkManager.swift */,
			);
			path = Managers;
			sourceTree = "<group>";
		};
		1A65BF2F2C62EE9600758A80 /* Extensions */ = {
			isa = PBXGroup;
			children = (
				1A2396BE2C617AC700E6EBFE /* Color+Ext.swift */,
			);
			path = Extensions;
			sourceTree = "<group>";
		};
		1A65BF302C62EEB800758A80 /* AlertsEnum */ = {
			isa = PBXGroup;
			children = (
				1AFD3B3B2C5AFDB300B0CCA4 /* APError.swift */,
				1A2396BA2C61707500E6EBFE /* Alert.swift */,
			);
			path = AlertsEnum;
			sourceTree = "<group>";
		};
		1A65BF312C62EF2400758A80 /* Model */ = {
			isa = PBXGroup;
			children = (
				1A65BF322C62EF2D00758A80 /* AppetizerModel */,
			);
			path = Model;
			sourceTree = "<group>";
		};
		1A65BF322C62EF2D00758A80 /* AppetizerModel */ = {
			isa = PBXGroup;
			children = (
				1A33A42F2C51B1E30026FCD4 /* AppetizerModel.swift */,
			);
			path = AppetizerModel;
			sourceTree = "<group>";
		};
		1A65BF332C62EF6600758A80 /* CustomViews */ = {
			isa = PBXGroup;
			children = (
				1A65BF362C62EFA500758A80 /* Images */,
				1A65BF352C62EF8900758A80 /* Cells */,
				1A65BF342C62EF8000758A80 /* UIKitComponents */,
			);
			path = CustomViews;
			sourceTree = "<group>";
		};
		1A65BF342C62EF8000758A80 /* UIKitComponents */ = {
			isa = PBXGroup;
			children = (
				1A2396BC2C6179B300E6EBFE /* LoadingView.swift */,
			);
			path = UIKitComponents;
			sourceTree = "<group>";
		};
		1A65BF352C62EF8900758A80 /* Cells */ = {
			isa = PBXGroup;
			children = (
				1AC889262C4F0C4C00836044 /* ItemView.swift */,
				1A2396C02C617C4E00E6EBFE /* AppetizerCell.swift */,
			);
			path = Cells;
			sourceTree = "<group>";
		};
		1A65BF362C62EFA500758A80 /* Images */ = {
			isa = PBXGroup;
			children = (
				1A1344B72C62C15900E5F95D /* RemoteImage.swift */,
			);
			path = Images;
			sourceTree = "<group>";
		};
		1AE175442C41F0A400A4266C = {
			isa = PBXGroup;
			children = (
				1AE1754F2C41F0A400A4266C /* Appetizers */,
				1AE1754E2C41F0A400A4266C /* Products */,
			);
			sourceTree = "<group>";
		};
		1AE1754E2C41F0A400A4266C /* Products */ = {
			isa = PBXGroup;
			children = (
				1AE1754D2C41F0A400A4266C /* Appetizers.app */,
			);
			name = Products;
			sourceTree = "<group>";
		};
		1AE1754F2C41F0A400A4266C /* Appetizers */ = {
			isa = PBXGroup;
			children = (
				1A65BF332C62EF6600758A80 /* CustomViews */,
				1A65BF312C62EF2400758A80 /* Model */,
				1A65BF2D2C62EE6F00758A80 /* Utilities */,
				1A65BF292C62EDEE00758A80 /* Screens */,
				1AE175502C41F0A400A4266C /* AppetizersApp.swift */,
				1AE175542C41F0A500A4266C /* Assets.xcassets */,
				1AE175562C41F0A500A4266C /* Preview Content */,
			);
			path = Appetizers;
			sourceTree = "<group>";
		};
		1AE175562C41F0A500A4266C /* Preview Content */ = {
			isa = PBXGroup;
			children = (
				1AE175572C41F0A500A4266C /* Preview Assets.xcassets */,
			);
			path = "Preview Content";
			sourceTree = "<group>";
		};
/* End PBXGroup section */

/* Begin PBXNativeTarget section */
		1AE1754C2C41F0A400A4266C /* Appetizers */ = {
			isa = PBXNativeTarget;
			buildConfigurationList = 1AE1755B2C41F0A500A4266C /* Build configuration list for PBXNativeTarget "Appetizers" */;
			buildPhases = (
				1AE175492C41F0A400A4266C /* Sources */,
				1AE1754A2C41F0A400A4266C /* Frameworks */,
				1AE1754B2C41F0A400A4266C /* Resources */,
			);
			buildRules = (
			);
			dependencies = (
			);
			name = Appetizers;
			productName = Appetizers;
			productReference = 1AE1754D2C41F0A400A4266C /* Appetizers.app */;
			productType = "com.apple.product-type.application";
		};
/* End PBXNativeTarget section */

/* Begin PBXProject section */
		1AE175452C41F0A400A4266C /* Project object */ = {
			isa = PBXProject;
			attributes = {
				BuildIndependentTargetsInParallel = 1;
				LastSwiftUpdateCheck = 1540;
				LastUpgradeCheck = 1540;
				TargetAttributes = {
					1AE1754C2C41F0A400A4266C = {
						CreatedOnToolsVersion = 15.4;
					};
				};
			};
			buildConfigurationList = 1AE175482C41F0A400A4266C /* Build configuration list for PBXProject "Appetizers" */;
			compatibilityVersion = "Xcode 14.0";
			developmentRegion = en;
			hasScannedForEncodings = 0;
			knownRegions = (
				en,
				Base,
			);
			mainGroup = 1AE175442C41F0A400A4266C;
			productRefGroup = 1AE1754E2C41F0A400A4266C /* Products */;
			projectDirPath = "";
			projectRoot = "";
			targets = (
				1AE1754C2C41F0A400A4266C /* Appetizers */,
			);
		};
/* End PBXProject section */

/* Begin PBXResourcesBuildPhase section */
		1AE1754B2C41F0A400A4266C /* Resources */ = {
			isa = PBXResourcesBuildPhase;
			buildActionMask = 2147483647;
			files = (
				1AE175582C41F0A500A4266C /* Preview Assets.xcassets in Resources */,
				1AE175552C41F0A500A4266C /* Assets.xcassets in Resources */,
			);
			runOnlyForDeploymentPostprocessing = 0;
		};
/* End PBXResourcesBuildPhase section */

/* Begin PBXSourcesBuildPhase section */
		1AE175492C41F0A400A4266C /* Sources */ = {
			isa = PBXSourcesBuildPhase;
			buildActionMask = 2147483647;
			files = (
				1AFD3B3A2C5AF7C600B0CCA4 /* NetworkManager.swift in Sources */,
				1A33A4302C51B1E30026FCD4 /* AppetizerModel.swift in Sources */,
				1AFBB2552C49BCC900DCC5B2 /* AccountView.swift in Sources */,
				1A1344B82C62C15900E5F95D /* RemoteImage.swift in Sources */,
				1AC889272C4F0C4C00836044 /* ItemView.swift in Sources */,
				1A2396C12C617C4E00E6EBFE /* AppetizerCell.swift in Sources */,
				1A2396BF2C617AC700E6EBFE /* Color+Ext.swift in Sources */,
				1A33A4322C51B2550026FCD4 /* AppetizerViewModel.swift in Sources */,
				1A2396BD2C6179B300E6EBFE /* LoadingView.swift in Sources */,
				1AFD3B3C2C5AFDB300B0CCA4 /* APError.swift in Sources */,
				1AFBB2532C49BCAD00DCC5B2 /* OrderView.swift in Sources */,
				1AE175532C41F0A400A4266C /* ContentView.swift in Sources */,
				1A2396BB2C61707500E6EBFE /* Alert.swift in Sources */,
				1AFBB2572C49BCE700DCC5B2 /* AppetizerView.swift in Sources */,
				1AE175512C41F0A400A4266C /* AppetizersApp.swift in Sources */,
			);
			runOnlyForDeploymentPostprocessing = 0;
		};
/* End PBXSourcesBuildPhase section */

/* Begin XCBuildConfiguration section */
		1AE175592C41F0A500A4266C /* Debug */ = {
			isa = XCBuildConfiguration;
			buildSettings = {
				ALWAYS_SEARCH_USER_PATHS = NO;
				ASSETCATALOG_COMPILER_GENERATE_SWIFT_ASSET_SYMBOL_EXTENSIONS = YES;
				CLANG_ANALYZER_NONNULL = YES;
				CLANG_ANALYZER_NUMBER_OBJECT_CONVERSION = YES_AGGRESSIVE;
				CLANG_CXX_LANGUAGE_STANDARD = "gnu++20";
				CLANG_ENABLE_MODULES = YES;
				CLANG_ENABLE_OBJC_ARC = YES;
				CLANG_ENABLE_OBJC_WEAK = YES;
				CLANG_WARN_BLOCK_CAPTURE_AUTORELEASING = YES;
				CLANG_WARN_BOOL_CONVERSION = YES;
				CLANG_WARN_COMMA = YES;
				CLANG_WARN_CONSTANT_CONVERSION = YES;
				CLANG_WARN_DEPRECATED_OBJC_IMPLEMENTATIONS = YES;
				CLANG_WARN_DIRECT_OBJC_ISA_USAGE = YES_ERROR;
				CLANG_WARN_DOCUMENTATION_COMMENTS = YES;
				CLANG_WARN_EMPTY_BODY = YES;
				CLANG_WARN_ENUM_CONVERSION = YES;
				CLANG_WARN_INFINITE_RECURSION = YES;
				CLANG_WARN_INT_CONVERSION = YES;
				CLANG_WARN_NON_LITERAL_NULL_CONVERSION = YES;
				CLANG_WARN_OBJC_IMPLICIT_RETAIN_SELF = YES;
				CLANG_WARN_OBJC_LITERAL_CONVERSION = YES;
				CLANG_WARN_OBJC_ROOT_CLASS = YES_ERROR;
				CLANG_WARN_QUOTED_INCLUDE_IN_FRAMEWORK_HEADER = YES;
				CLANG_WARN_RANGE_LOOP_ANALYSIS = YES;
				CLANG_WARN_STRICT_PROTOTYPES = YES;
				CLANG_WARN_SUSPICIOUS_MOVE = YES;
				CLANG_WARN_UNGUARDED_AVAILABILITY = YES_AGGRESSIVE;
				CLANG_WARN_UNREACHABLE_CODE = YES;
				CLANG_WARN__DUPLICATE_METHOD_MATCH = YES;
				COPY_PHASE_STRIP = NO;
				DEBUG_INFORMATION_FORMAT = dwarf;
				ENABLE_STRICT_OBJC_MSGSEND = YES;
				ENABLE_TESTABILITY = YES;
				ENABLE_USER_SCRIPT_SANDBOXING = YES;
				GCC_C_LANGUAGE_STANDARD = gnu17;
				GCC_DYNAMIC_NO_PIC = NO;
				GCC_NO_COMMON_BLOCKS = YES;
				GCC_OPTIMIZATION_LEVEL = 0;
				GCC_PREPROCESSOR_DEFINITIONS = (
					"DEBUG=1",
					"$(inherited)",
				);
				GCC_WARN_64_TO_32_BIT_CONVERSION = YES;
				GCC_WARN_ABOUT_RETURN_TYPE = YES_ERROR;
				GCC_WARN_UNDECLARED_SELECTOR = YES;
				GCC_WARN_UNINITIALIZED_AUTOS = YES_AGGRESSIVE;
				GCC_WARN_UNUSED_FUNCTION = YES;
				GCC_WARN_UNUSED_VARIABLE = YES;
				IPHONEOS_DEPLOYMENT_TARGET = 17.5;
				LOCALIZATION_PREFERS_STRING_CATALOGS = YES;
				MTL_ENABLE_DEBUG_INFO = INCLUDE_SOURCE;
				MTL_FAST_MATH = YES;
				ONLY_ACTIVE_ARCH = YES;
				SDKROOT = iphoneos;
				SWIFT_ACTIVE_COMPILATION_CONDITIONS = "DEBUG $(inherited)";
				SWIFT_OPTIMIZATION_LEVEL = "-Onone";
			};
			name = Debug;
		};
		1AE1755A2C41F0A500A4266C /* Release */ = {
			isa = XCBuildConfiguration;
			buildSettings = {
				ALWAYS_SEARCH_USER_PATHS = NO;
				ASSETCATALOG_COMPILER_GENERATE_SWIFT_ASSET_SYMBOL_EXTENSIONS = YES;
				CLANG_ANALYZER_NONNULL = YES;
				CLANG_ANALYZER_NUMBER_OBJECT_CONVERSION = YES_AGGRESSIVE;
				CLANG_CXX_LANGUAGE_STANDARD = "gnu++20";
				CLANG_ENABLE_MODULES = YES;
				CLANG_ENABLE_OBJC_ARC = YES;
				CLANG_ENABLE_OBJC_WEAK = YES;
				CLANG_WARN_BLOCK_CAPTURE_AUTORELEASING = YES;
				CLANG_WARN_BOOL_CONVERSION = YES;
				CLANG_WARN_COMMA = YES;
				CLANG_WARN_CONSTANT_CONVERSION = YES;
				CLANG_WARN_DEPRECATED_OBJC_IMPLEMENTATIONS = YES;
				CLANG_WARN_DIRECT_OBJC_ISA_USAGE = YES_ERROR;
				CLANG_WARN_DOCUMENTATION_COMMENTS = YES;
				CLANG_WARN_EMPTY_BODY = YES;
				CLANG_WARN_ENUM_CONVERSION = YES;
				CLANG_WARN_INFINITE_RECURSION = YES;
				CLANG_WARN_INT_CONVERSION = YES;
				CLANG_WARN_NON_LITERAL_NULL_CONVERSION = YES;
				CLANG_WARN_OBJC_IMPLICIT_RETAIN_SELF = YES;
				CLANG_WARN_OBJC_LITERAL_CONVERSION = YES;
				CLANG_WARN_OBJC_ROOT_CLASS = YES_ERROR;
				CLANG_WARN_QUOTED_INCLUDE_IN_FRAMEWORK_HEADER = YES;
				CLANG_WARN_RANGE_LOOP_ANALYSIS = YES;
				CLANG_WARN_STRICT_PROTOTYPES = YES;
				CLANG_WARN_SUSPICIOUS_MOVE = YES;
				CLANG_WARN_UNGUARDED_AVAILABILITY = YES_AGGRESSIVE;
				CLANG_WARN_UNREACHABLE_CODE = YES;
				CLANG_WARN__DUPLICATE_METHOD_MATCH = YES;
				COPY_PHASE_STRIP = NO;
				DEBUG_INFORMATION_FORMAT = "dwarf-with-dsym";
				ENABLE_NS_ASSERTIONS = NO;
				ENABLE_STRICT_OBJC_MSGSEND = YES;
				ENABLE_USER_SCRIPT_SANDBOXING = YES;
				GCC_C_LANGUAGE_STANDARD = gnu17;
				GCC_NO_COMMON_BLOCKS = YES;
				GCC_WARN_64_TO_32_BIT_CONVERSION = YES;
				GCC_WARN_ABOUT_RETURN_TYPE = YES_ERROR;
				GCC_WARN_UNDECLARED_SELECTOR = YES;
				GCC_WARN_UNINITIALIZED_AUTOS = YES_AGGRESSIVE;
				GCC_WARN_UNUSED_FUNCTION = YES;
				GCC_WARN_UNUSED_VARIABLE = YES;
				IPHONEOS_DEPLOYMENT_TARGET = 17.5;
				LOCALIZATION_PREFERS_STRING_CATALOGS = YES;
				MTL_ENABLE_DEBUG_INFO = NO;
				MTL_FAST_MATH = YES;
				SDKROOT = iphoneos;
				SWIFT_COMPILATION_MODE = wholemodule;
				VALIDATE_PRODUCT = YES;
			};
			name = Release;
		};
		1AE1755C2C41F0A500A4266C /* Debug */ = {
			isa = XCBuildConfiguration;
			buildSettings = {
				ASSETCATALOG_COMPILER_APPICON_NAME = AppIcon;
				ASSETCATALOG_COMPILER_GLOBAL_ACCENT_COLOR_NAME = AccentColor;
				CODE_SIGN_STYLE = Automatic;
				CURRENT_PROJECT_VERSION = 1;
				DEVELOPMENT_ASSET_PATHS = "\"Appetizers/Preview Content\"";
				DEVELOPMENT_TEAM = RQ4TJS6A92;
				ENABLE_PREVIEWS = YES;
				GENERATE_INFOPLIST_FILE = YES;
				INFOPLIST_KEY_UIApplicationSceneManifest_Generation = YES;
				INFOPLIST_KEY_UIApplicationSupportsIndirectInputEvents = YES;
				INFOPLIST_KEY_UILaunchScreen_Generation = YES;
				INFOPLIST_KEY_UISupportedInterfaceOrientations_iPad = "UIInterfaceOrientationPortrait UIInterfaceOrientationPortraitUpsideDown UIInterfaceOrientationLandscapeLeft UIInterfaceOrientationLandscapeRight";
				INFOPLIST_KEY_UISupportedInterfaceOrientations_iPhone = "UIInterfaceOrientationPortrait UIInterfaceOrientationLandscapeLeft UIInterfaceOrientationLandscapeRight";
				LD_RUNPATH_SEARCH_PATHS = (
					"$(inherited)",
					"@executable_path/Frameworks",
				);
				MARKETING_VERSION = 1.0;
				PRODUCT_BUNDLE_IDENTIFIER = SilentSol.Appetizers;
				PRODUCT_NAME = "$(TARGET_NAME)";
				SWIFT_EMIT_LOC_STRINGS = YES;
				SWIFT_VERSION = 5.0;
				TARGETED_DEVICE_FAMILY = "1,2";
			};
			name = Debug;
		};
		1AE1755D2C41F0A500A4266C /* Release */ = {
			isa = XCBuildConfiguration;
			buildSettings = {
				ASSETCATALOG_COMPILER_APPICON_NAME = AppIcon;
				ASSETCATALOG_COMPILER_GLOBAL_ACCENT_COLOR_NAME = AccentColor;
				CODE_SIGN_STYLE = Automatic;
				CURRENT_PROJECT_VERSION = 1;
				DEVELOPMENT_ASSET_PATHS = "\"Appetizers/Preview Content\"";
				DEVELOPMENT_TEAM = RQ4TJS6A92;
				ENABLE_PREVIEWS = YES;
				GENERATE_INFOPLIST_FILE = YES;
				INFOPLIST_KEY_UIApplicationSceneManifest_Generation = YES;
				INFOPLIST_KEY_UIApplicationSupportsIndirectInputEvents = YES;
				INFOPLIST_KEY_UILaunchScreen_Generation = YES;
				INFOPLIST_KEY_UISupportedInterfaceOrientations_iPad = "UIInterfaceOrientationPortrait UIInterfaceOrientationPortraitUpsideDown UIInterfaceOrientationLandscapeLeft UIInterfaceOrientationLandscapeRight";
				INFOPLIST_KEY_UISupportedInterfaceOrientations_iPhone = "UIInterfaceOrientationPortrait UIInterfaceOrientationLandscapeLeft UIInterfaceOrientationLandscapeRight";
				LD_RUNPATH_SEARCH_PATHS = (
					"$(inherited)",
					"@executable_path/Frameworks",
				);
				MARKETING_VERSION = 1.0;
				PRODUCT_BUNDLE_IDENTIFIER = SilentSol.Appetizers;
				PRODUCT_NAME = "$(TARGET_NAME)";
				SWIFT_EMIT_LOC_STRINGS = YES;
				SWIFT_VERSION = 5.0;
				TARGETED_DEVICE_FAMILY = "1,2";
			};
			name = Release;
		};
/* End XCBuildConfiguration section */

/* Begin XCConfigurationList section */
		1AE175482C41F0A400A4266C /* Build configuration list for PBXProject "Appetizers" */ = {
			isa = XCConfigurationList;
			buildConfigurations = (
				1AE175592C41F0A500A4266C /* Debug */,
				1AE1755A2C41F0A500A4266C /* Release */,
			);
			defaultConfigurationIsVisible = 0;
			defaultConfigurationName = Release;
		};
		1AE1755B2C41F0A500A4266C /* Build configuration list for PBXNativeTarget "Appetizers" */ = {
			isa = XCConfigurationList;
			buildConfigurations = (
				1AE1755C2C41F0A500A4266C /* Debug */,
				1AE1755D2C41F0A500A4266C /* Release */,
			);
			defaultConfigurationIsVisible = 0;
			defaultConfigurationName = Release;
		};
/* End XCConfigurationList section */
	};
	rootObject = 1AE175452C41F0A400A4266C /* Project object */;
}
